
Microsoft Visual Studio Solution File, Format Version 12.00
# Visual Studio Version 17
VisualStudioVersion = 17.10.35027.167
MinimumVisualStudioVersion = 10.0.40219.1
Project("{2150E333-8FDC-42A3-9474-1A3956D46DE8}") = "Services", "Services", "{C379D817-18F8-4D5C-BD42-7250568826A3}"
EndProject
Project("{2150E333-8FDC-42A3-9474-1A3956D46DE8}") = "Catalog", "Catalog", "{E990F77F-1FDE-4167-B891-E5EB64A3C1B0}"
EndProject
Project("{9A19103F-16F7-4668-BE54-9A1E7A4F7556}") = "Catalog.API", "Services\Catalog\Catalog.API\Catalog.API.csproj", "{9BD818A5-F5C6-4D06-A867-24FB0D13F009}"
EndProject
Project("{2150E333-8FDC-42A3-9474-1A3956D46DE8}") = "BuildingBlocks", "BuildingBlocks", "{F6F7EDB0-07D6-4D58-8AA6-67AAA35940F3}"
EndProject
Project("{9A19103F-16F7-4668-BE54-9A1E7A4F7556}") = "BuildingBlocks", "BuildingBlocks\BuildingBlocks.csproj", "{4147A4D0-758F-4466-9043-7B31919B5B18}"
EndProject
Project("{E53339B2-1760-4266-BCC7-CA923CBCF16C}") = "docker-compose", "docker-compose.dcproj", "{03F9AE0D-89D4-4205-A501-DABF0C7BD98D}"
EndProject
Project("{2150E333-8FDC-42A3-9474-1A3956D46DE8}") = "Basket", "Basket", "{6FD83C31-04B9-4FB2-889E-55591566E0A6}"
EndProject
Project("{9A19103F-16F7-4668-BE54-9A1E7A4F7556}") = "Basket.API", "Services\Basket\Basket.API\Basket.API.csproj", "{526757AA-333C-489B-9EDE-4DAA72FEA2CA}"
EndProject
Project("{2150E333-8FDC-42A3-9474-1A3956D46DE8}") = "Discount", "Discount", "{406554F0-1C27-48BD-BB65-D3E6A6B57E35}"
EndProject
Project("{9A19103F-16F7-4668-BE54-9A1E7A4F7556}") = "Discount.Grpc", "Services\Discount\Discount.Grpc\Discount.Grpc.csproj", "{D1DCE680-49D4-4BB2-AF15-82673C9919B9}"
EndProject
Project("{2150E333-8FDC-42A3-9474-1A3956D46DE8}") = "Ordering", "Ordering", "{22A4320B-7B18-418E-AA32-A756D48277D9}"
EndProject
Project("{FAE04EC0-301F-11D3-BF4B-00C04F79EFBC}") = "Ordering.API", "Services\Ordering\Ordering.API\Ordering.API.csproj", "{F3C82DFF-EB16-4031-B467-5471B122BBCF}"
EndProject
Project("{FAE04EC0-301F-11D3-BF4B-00C04F79EFBC}") = "Ordering.Domain", "Services\Ordering\Ordering.Domain\Ordering.Domain.csproj", "{7B6BE576-3EEF-4E4A-B7FC-515DADC506F1}"
EndProject
Project("{FAE04EC0-301F-11D3-BF4B-00C04F79EFBC}") = "Ordering.Application", "Services\Ordering\Ordering.Application\Ordering.Application.csproj", "{ABD01063-E67E-48D3-BD57-80CE7ED6B370}"
EndProject
Project("{FAE04EC0-301F-11D3-BF4B-00C04F79EFBC}") = "Ordering.Infrastructure", "Services\Ordering\Ordering.Infrastructure\Ordering.Infrastructure.csproj", "{4DB55A9E-E5EF-4AE0-8E81-95E602BA34AD}"
EndProject
Global
	GlobalSection(SolutionConfigurationPlatforms) = preSolution
		Debug|Any CPU = Debug|Any CPU
		Release|Any CPU = Release|Any CPU
	EndGlobalSection
	GlobalSection(ProjectConfigurationPlatforms) = postSolution
		{9BD818A5-F5C6-4D06-A867-24FB0D13F009}.Debug|Any CPU.ActiveCfg = Debug|Any CPU
		{9BD818A5-F5C6-4D06-A867-24FB0D13F009}.Debug|Any CPU.Build.0 = Debug|Any CPU
		{9BD818A5-F5C6-4D06-A867-24FB0D13F009}.Release|Any CPU.ActiveCfg = Release|Any CPU
		{9BD818A5-F5C6-4D06-A867-24FB0D13F009}.Release|Any CPU.Build.0 = Release|Any CPU
		{4147A4D0-758F-4466-9043-7B31919B5B18}.Debug|Any CPU.ActiveCfg = Debug|Any CPU
		{4147A4D0-758F-4466-9043-7B31919B5B18}.Debug|Any CPU.Build.0 = Debug|Any CPU
		{4147A4D0-758F-4466-9043-7B31919B5B18}.Release|Any CPU.ActiveCfg = Release|Any CPU
		{4147A4D0-758F-4466-9043-7B31919B5B18}.Release|Any CPU.Build.0 = Release|Any CPU
		{03F9AE0D-89D4-4205-A501-DABF0C7BD98D}.Debug|Any CPU.ActiveCfg = Debug|Any CPU
		{03F9AE0D-89D4-4205-A501-DABF0C7BD98D}.Debug|Any CPU.Build.0 = Debug|Any CPU
		{03F9AE0D-89D4-4205-A501-DABF0C7BD98D}.Release|Any CPU.ActiveCfg = Release|Any CPU
		{03F9AE0D-89D4-4205-A501-DABF0C7BD98D}.Release|Any CPU.Build.0 = Release|Any CPU
		{526757AA-333C-489B-9EDE-4DAA72FEA2CA}.Debug|Any CPU.ActiveCfg = Debug|Any CPU
		{526757AA-333C-489B-9EDE-4DAA72FEA2CA}.Debug|Any CPU.Build.0 = Debug|Any CPU
		{526757AA-333C-489B-9EDE-4DAA72FEA2CA}.Release|Any CPU.ActiveCfg = Release|Any CPU
		{526757AA-333C-489B-9EDE-4DAA72FEA2CA}.Release|Any CPU.Build.0 = Release|Any CPU
		{D1DCE680-49D4-4BB2-AF15-82673C9919B9}.Debug|Any CPU.ActiveCfg = Debug|Any CPU
		{D1DCE680-49D4-4BB2-AF15-82673C9919B9}.Debug|Any CPU.Build.0 = Debug|Any CPU
		{D1DCE680-49D4-4BB2-AF15-82673C9919B9}.Release|Any CPU.ActiveCfg = Release|Any CPU
		{D1DCE680-49D4-4BB2-AF15-82673C9919B9}.Release|Any CPU.Build.0 = Release|Any CPU
		{F3C82DFF-EB16-4031-B467-5471B122BBCF}.Debug|Any CPU.ActiveCfg = Debug|Any CPU
		{F3C82DFF-EB16-4031-B467-5471B122BBCF}.Debug|Any CPU.Build.0 = Debug|Any CPU
		{F3C82DFF-EB16-4031-B467-5471B122BBCF}.Release|Any CPU.ActiveCfg = Release|Any CPU
		{F3C82DFF-EB16-4031-B467-5471B122BBCF}.Release|Any CPU.Build.0 = Release|Any CPU
		{7B6BE576-3EEF-4E4A-B7FC-515DADC506F1}.Debug|Any CPU.ActiveCfg = Debug|Any CPU
		{7B6BE576-3EEF-4E4A-B7FC-515DADC506F1}.Debug|Any CPU.Build.0 = Debug|Any CPU
		{7B6BE576-3EEF-4E4A-B7FC-515DADC506F1}.Release|Any CPU.ActiveCfg = Release|Any CPU
		{7B6BE576-3EEF-4E4A-B7FC-515DADC506F1}.Release|Any CPU.Build.0 = Release|Any CPU
		{ABD01063-E67E-48D3-BD57-80CE7ED6B370}.Debug|Any CPU.ActiveCfg = Debug|Any CPU
		{ABD01063-E67E-48D3-BD57-80CE7ED6B370}.Debug|Any CPU.Build.0 = Debug|Any CPU
		{ABD01063-E67E-48D3-BD57-80CE7ED6B370}.Release|Any CPU.ActiveCfg = Release|Any CPU
		{ABD01063-E67E-48D3-BD57-80CE7ED6B370}.Release|Any CPU.Build.0 = Release|Any CPU
		{4DB55A9E-E5EF-4AE0-8E81-95E602BA34AD}.Debug|Any CPU.ActiveCfg = Debug|Any CPU
		{4DB55A9E-E5EF-4AE0-8E81-95E602BA34AD}.Debug|Any CPU.Build.0 = Debug|Any CPU
		{4DB55A9E-E5EF-4AE0-8E81-95E602BA34AD}.Release|Any CPU.ActiveCfg = Release|Any CPU
		{4DB55A9E-E5EF-4AE0-8E81-95E602BA34AD}.Release|Any CPU.Build.0 = Release|Any CPU
	EndGlobalSection
	GlobalSection(SolutionProperties) = preSolution
		HideSolutionNode = FALSE
	EndGlobalSection
	GlobalSection(NestedProjects) = preSolution
		{E990F77F-1FDE-4167-B891-E5EB64A3C1B0} = {C379D817-18F8-4D5C-BD42-7250568826A3}
		{9BD818A5-F5C6-4D06-A867-24FB0D13F009} = {E990F77F-1FDE-4167-B891-E5EB64A3C1B0}
		{4147A4D0-758F-4466-9043-7B31919B5B18} = {F6F7EDB0-07D6-4D58-8AA6-67AAA35940F3}
		{6FD83C31-04B9-4FB2-889E-55591566E0A6} = {C379D817-18F8-4D5C-BD42-7250568826A3}
		{526757AA-333C-489B-9EDE-4DAA72FEA2CA} = {6FD83C31-04B9-4FB2-889E-55591566E0A6}
		{406554F0-1C27-48BD-BB65-D3E6A6B57E35} = {C379D817-18F8-4D5C-BD42-7250568826A3}
		{D1DCE680-49D4-4BB2-AF15-82673C9919B9} = {406554F0-1C27-48BD-BB65-D3E6A6B57E35}
		{22A4320B-7B18-418E-AA32-A756D48277D9} = {C379D817-18F8-4D5C-BD42-7250568826A3}
		{F3C82DFF-EB16-4031-B467-5471B122BBCF} = {22A4320B-7B18-418E-AA32-A756D48277D9}
		{7B6BE576-3EEF-4E4A-B7FC-515DADC506F1} = {22A4320B-7B18-418E-AA32-A756D48277D9}
		{ABD01063-E67E-48D3-BD57-80CE7ED6B370} = {22A4320B-7B18-418E-AA32-A756D48277D9}
		{4DB55A9E-E5EF-4AE0-8E81-95E602BA34AD} = {22A4320B-7B18-418E-AA32-A756D48277D9}
	EndGlobalSection
	GlobalSection(ExtensibilityGlobals) = postSolution
		SolutionGuid = {A303CD47-0D13-474C-B882-26F9C5273DDB}
	EndGlobalSection
EndGlobal
